PODS:
  - Alamofire (4.8.2)
  - SDWebImage (5.0.1):
    - SDWebImage/Core (= 5.0.1)
  - SDWebImage/Core (5.0.1)
  - SwiftyJSON (5.0.0)

DEPENDENCIES:
  - Alamofire (= 4.8.2)
  - SDWebImage (= 5.0.1)
  - SwiftyJSON (= 5.0.0)

SPEC REPOS:
  trunk:
    - Alamofire
    - SDWebImage
    - SwiftyJSON

SPEC CHECKSUMS:
  Alamofire: ae5c501addb7afdbb13687d7f2f722c78734c2d3
  SDWebImage: 27dd2c9ea07a2252f94557c9fbb6105ee94b74c9
  SwiftyJSON: 36413e04c44ee145039d332b4f4e2d3e8d6c4db7

PODFILE CHECKSUM: 8053f526a815adeab71e4239178b0565f244b755

COCOAPODS: 1.8.4
