// !$*UTF8*$!
{
	archiveVersion = 1;
	classes = {
	};
	objectVersion = 51;
	objects = {

/* Begin PBXBuildFile section */
		2746C6987ECFC663F13A794F /* Pods_Song_Studio.framework in Frameworks */ = {isa = PBXBuildFile; fileRef = 23EE8D6711257B915C24187A /* Pods_Song_Studio.framework */; };
		95330F22236B53DE00E1501C /* APIManager.swift in Sources */ = {isa = PBXBuildFile; fileRef = 95330F21236B53DE00E1501C /* APIManager.swift */; };
		95330F26236B55E600E1501C /* HTTPStatusCodes.swift in Sources */ = {isa = PBXBuildFile; fileRef = 95330F25236B55E600E1501C /* HTTPStatusCodes.swift */; };
		95330F28236B55EB00E1501C /* HTTPStatusCodes+Extensions.swift in Sources */ = {isa = PBXBuildFile; fileRef = 95330F27236B55EB00E1501C /* HTTPStatusCodes+Extensions.swift */; };
		95330F2B236B563A00E1501C /* ReachabilityManager.swift in Sources */ = {isa = PBXBuildFile; fileRef = 95330F2A236B563A00E1501C /* ReachabilityManager.swift */; };
		955BA58B236B509C0041D264 /* AppDelegate.swift in Sources */ = {isa = PBXBuildFile; fileRef = 955BA58A236B509C0041D264 /* AppDelegate.swift */; };
		955BA58F236B509C0041D264 /* HomeViewController.swift in Sources */ = {isa = PBXBuildFile; fileRef = 955BA58E236B509C0041D264 /* HomeViewController.swift */; };
		955BA592236B509C0041D264 /* Main.storyboard in Resources */ = {isa = PBXBuildFile; fileRef = 955BA590236B509C0041D264 /* Main.storyboard */; };
		955BA594236B509D0041D264 /* Assets.xcassets in Resources */ = {isa = PBXBuildFile; fileRef = 955BA593236B509D0041D264 /* Assets.xcassets */; };
		95602647236B5D2D00E28300 /* SongListTableViewCell.swift in Sources */ = {isa = PBXBuildFile; fileRef = 95602646236B5D2D00E28300 /* SongListTableViewCell.swift */; };
		9560264A236B5D8C00E28300 /* Song.swift in Sources */ = {isa = PBXBuildFile; fileRef = 95602649236B5D8C00E28300 /* Song.swift */; };
		9560264C236B618700E28300 /* MusicPlayerViewController.swift in Sources */ = {isa = PBXBuildFile; fileRef = 9560264B236B618700E28300 /* MusicPlayerViewController.swift */; };
		9560264E236B63C400E28300 /* LaunchScreenViewController.swift in Sources */ = {isa = PBXBuildFile; fileRef = 9560264D236B63C400E28300 /* LaunchScreenViewController.swift */; };
		956F2ED1236B82B3004DCE2C /* AVPlayer.swift in Sources */ = {isa = PBXBuildFile; fileRef = 956F2ED0236B82B3004DCE2C /* AVPlayer.swift */; };
		956F2ED3236B87EA004DCE2C /* UIVIewController.swift in Sources */ = {isa = PBXBuildFile; fileRef = 956F2ED2236B87EA004DCE2C /* UIVIewController.swift */; };
		956F2ED5236B9308004DCE2C /* AboutMeViewController.swift in Sources */ = {isa = PBXBuildFile; fileRef = 956F2ED4236B9308004DCE2C /* AboutMeViewController.swift */; };
		956F2ED7236B95E6004DCE2C /* AboutMeTableViewCell.swift in Sources */ = {isa = PBXBuildFile; fileRef = 956F2ED6236B95E6004DCE2C /* AboutMeTableViewCell.swift */; };
		956F2ED9236B96E7004DCE2C /* wallpaper.jpg in Resources */ = {isa = PBXBuildFile; fileRef = 956F2ED8236B96E7004DCE2C /* wallpaper.jpg */; };
		956F2EDE236B9E63004DCE2C /* String.swift in Sources */ = {isa = PBXBuildFile; fileRef = 956F2EDD236B9E63004DCE2C /* String.swift */; };
/* End PBXBuildFile section */

/* Begin PBXFileReference section */
		23EE8D6711257B915C24187A /* Pods_Song_Studio.framework */ = {isa = PBXFileReference; explicitFileType = wrapper.framework; includeInIndex = 0; path = Pods_Song_Studio.framework; sourceTree = BUILT_PRODUCTS_DIR; };
		818745E97943D0D9955B02F6 /* Pods-Song Studio.debug.xcconfig */ = {isa = PBXFileReference; includeInIndex = 1; lastKnownFileType = text.xcconfig; name = "Pods-Song Studio.debug.xcconfig"; path = "Target Support Files/Pods-Song Studio/Pods-Song Studio.debug.xcconfig"; sourceTree = "<group>"; };
		95330F21236B53DE00E1501C /* APIManager.swift */ = {isa = PBXFileReference; lastKnownFileType = sourcecode.swift; path = APIManager.swift; sourceTree = "<group>"; };
		95330F25236B55E600E1501C /* HTTPStatusCodes.swift */ = {isa = PBXFileReference; fileEncoding = 4; lastKnownFileType = sourcecode.swift; path = HTTPStatusCodes.swift; sourceTree = "<group>"; };
		95330F27236B55EB00E1501C /* HTTPStatusCodes+Extensions.swift */ = {isa = PBXFileReference; fileEncoding = 4; lastKnownFileType = sourcecode.swift; path = "HTTPStatusCodes+Extensions.swift"; sourceTree = "<group>"; };
		95330F2A236B563A00E1501C /* ReachabilityManager.swift */ = {isa = PBXFileReference; lastKnownFileType = sourcecode.swift; path = ReachabilityManager.swift; sourceTree = "<group>"; };
		955BA587236B509C0041D264 /* Song Studio.app */ = {isa = PBXFileReference; explicitFileType = wrapper.application; includeInIndex = 0; path = "Song Studio.app"; sourceTree = BUILT_PRODUCTS_DIR; };
		955BA58A236B509C0041D264 /* AppDelegate.swift */ = {isa = PBXFileReference; lastKnownFileType = sourcecode.swift; path = AppDelegate.swift; sourceTree = "<group>"; };
		955BA58E236B509C0041D264 /* HomeViewController.swift */ = {isa = PBXFileReference; lastKnownFileType = sourcecode.swift; path = HomeViewController.swift; sourceTree = "<group>"; };
		955BA591236B509C0041D264 /* Base */ = {isa = PBXFileReference; lastKnownFileType = file.storyboard; name = Base; path = Base.lproj/Main.storyboard; sourceTree = "<group>"; };
		955BA593236B509D0041D264 /* Assets.xcassets */ = {isa = PBXFileReference; lastKnownFileType = folder.assetcatalog; path = Assets.xcassets; sourceTree = "<group>"; };
		955BA598236B509D0041D264 /* Info.plist */ = {isa = PBXFileReference; lastKnownFileType = text.plist.xml; path = Info.plist; sourceTree = "<group>"; };
		95602646236B5D2D00E28300 /* SongListTableViewCell.swift */ = {isa = PBXFileReference; lastKnownFileType = sourcecode.swift; path = SongListTableViewCell.swift; sourceTree = "<group>"; };
		95602649236B5D8C00E28300 /* Song.swift */ = {isa = PBXFileReference; lastKnownFileType = sourcecode.swift; path = Song.swift; sourceTree = "<group>"; };
		9560264B236B618700E28300 /* MusicPlayerViewController.swift */ = {isa = PBXFileReference; lastKnownFileType = sourcecode.swift; path = MusicPlayerViewController.swift; sourceTree = "<group>"; };
		9560264D236B63C400E28300 /* LaunchScreenViewController.swift */ = {isa = PBXFileReference; lastKnownFileType = sourcecode.swift; path = LaunchScreenViewController.swift; sourceTree = "<group>"; };
		956F2ED0236B82B3004DCE2C /* AVPlayer.swift */ = {isa = PBXFileReference; lastKnownFileType = sourcecode.swift; path = AVPlayer.swift; sourceTree = "<group>"; };
		956F2ED2236B87EA004DCE2C /* UIVIewController.swift */ = {isa = PBXFileReference; lastKnownFileType = sourcecode.swift; path = UIVIewController.swift; sourceTree = "<group>"; };
		956F2ED4236B9308004DCE2C /* AboutMeViewController.swift */ = {isa = PBXFileReference; lastKnownFileType = sourcecode.swift; path = AboutMeViewController.swift; sourceTree = "<group>"; };
		956F2ED6236B95E6004DCE2C /* AboutMeTableViewCell.swift */ = {isa = PBXFileReference; lastKnownFileType = sourcecode.swift; path = AboutMeTableViewCell.swift; sourceTree = "<group>"; };
		956F2ED8236B96E7004DCE2C /* wallpaper.jpg */ = {isa = PBXFileReference; lastKnownFileType = image.jpeg; path = wallpaper.jpg; sourceTree = "<group>"; };
		956F2EDD236B9E63004DCE2C /* String.swift */ = {isa = PBXFileReference; lastKnownFileType = sourcecode.swift; path = String.swift; sourceTree = "<group>"; };
		BB0C26174843F72DF952315A /* Pods-Song Studio.release.xcconfig */ = {isa = PBXFileReference; includeInIndex = 1; lastKnownFileType = text.xcconfig; name = "Pods-Song Studio.release.xcconfig"; path = "Target Support Files/Pods-Song Studio/Pods-Song Studio.release.xcconfig"; sourceTree = "<group>"; };
/* End PBXFileReference section */

/* Begin PBXFrameworksBuildPhase section */
		955BA584236B509C0041D264 /* Frameworks */ = {
			isa = PBXFrameworksBuildPhase;
			buildActionMask = 2147483647;
			files = (
				2746C6987ECFC663F13A794F /* Pods_Song_Studio.framework in Frameworks */,
			);
			runOnlyForDeploymentPostprocessing = 0;
		};
/* End PBXFrameworksBuildPhase section */

/* Begin PBXGroup section */
		545089D4696DE7DE76084E31 /* Frameworks */ = {
			isa = PBXGroup;
			children = (
				23EE8D6711257B915C24187A /* Pods_Song_Studio.framework */,
			);
			name = Frameworks;
			sourceTree = "<group>";
		};
		95330F1F236B53C200E1501C /* ViewControllers */ = {
			isa = PBXGroup;
			children = (
				955BA58E236B509C0041D264 /* HomeViewController.swift */,
				9560264B236B618700E28300 /* MusicPlayerViewController.swift */,
				9560264D236B63C400E28300 /* LaunchScreenViewController.swift */,
				956F2ED4236B9308004DCE2C /* AboutMeViewController.swift */,
			);
			path = ViewControllers;
			sourceTree = "<group>";
		};
		95330F20236B53CE00E1501C /* Helpers */ = {
			isa = PBXGroup;
			children = (
				956F2EDC236B9E54004DCE2C /* Constants */,
				956F2ECF236B829C004DCE2C /* Extensions */,
				956F2ECE236B8287004DCE2C /* Network */,
			);
			path = Helpers;
			sourceTree = "<group>";
		};
		955BA57E236B509B0041D264 = {
			isa = PBXGroup;
			children = (
				955BA589236B509C0041D264 /* Song Studio */,
				955BA588236B509C0041D264 /* Products */,
				E88D72802CA285F4F1645285 /* Pods */,
				545089D4696DE7DE76084E31 /* Frameworks */,
			);
			sourceTree = "<group>";
		};
		955BA588236B509C0041D264 /* Products */ = {
			isa = PBXGroup;
			children = (
				955BA587236B509C0041D264 /* Song Studio.app */,
			);
			name = Products;
			sourceTree = "<group>";
		};
		955BA589236B509C0041D264 /* Song Studio */ = {
			isa = PBXGroup;
			children = (
				95602648236B5D7900E28300 /* Models */,
				95602645236B5D1200E28300 /* TableViewCells */,
				95330F20236B53CE00E1501C /* Helpers */,
				95330F1F236B53C200E1501C /* ViewControllers */,
				955BA58A236B509C0041D264 /* AppDelegate.swift */,
				955BA590236B509C0041D264 /* Main.storyboard */,
				955BA593236B509D0041D264 /* Assets.xcassets */,
				956F2ED8236B96E7004DCE2C /* wallpaper.jpg */,
				955BA598236B509D0041D264 /* Info.plist */,
			);
			path = "Song Studio";
			sourceTree = "<group>";
		};
		95602645236B5D1200E28300 /* TableViewCells */ = {
			isa = PBXGroup;
			children = (
				95602646236B5D2D00E28300 /* SongListTableViewCell.swift */,
				956F2ED6236B95E6004DCE2C /* AboutMeTableViewCell.swift */,
			);
			path = TableViewCells;
			sourceTree = "<group>";
		};
		95602648236B5D7900E28300 /* Models */ = {
			isa = PBXGroup;
			children = (
				95602649236B5D8C00E28300 /* Song.swift */,
			);
			path = Models;
			sourceTree = "<group>";
		};
		956F2ECE236B8287004DCE2C /* Network */ = {
			isa = PBXGroup;
			children = (
				95330F25236B55E600E1501C /* HTTPStatusCodes.swift */,
				95330F27236B55EB00E1501C /* HTTPStatusCodes+Extensions.swift */,
				95330F21236B53DE00E1501C /* APIManager.swift */,
				95330F2A236B563A00E1501C /* ReachabilityManager.swift */,
			);
			path = Network;
			sourceTree = "<group>";
		};
		956F2ECF236B829C004DCE2C /* Extensions */ = {
			isa = PBXGroup;
			children = (
				956F2ED0236B82B3004DCE2C /* AVPlayer.swift */,
				956F2ED2236B87EA004DCE2C /* UIVIewController.swift */,
			);
			path = Extensions;
			sourceTree = "<group>";
		};
		956F2EDC236B9E54004DCE2C /* Constants */ = {
			isa = PBXGroup;
			children = (
				956F2EDD236B9E63004DCE2C /* String.swift */,
			);
			path = Constants;
			sourceTree = "<group>";
		};
		E88D72802CA285F4F1645285 /* Pods */ = {
			isa = PBXGroup;
			children = (
				818745E97943D0D9955B02F6 /* Pods-Song Studio.debug.xcconfig */,
				BB0C26174843F72DF952315A /* Pods-Song Studio.release.xcconfig */,
			);
			path = Pods;
			sourceTree = "<group>";
		};
/* End PBXGroup section */

/* Begin PBXNativeTarget section */
		955BA586236B509C0041D264 /* Song Studio */ = {
			isa = PBXNativeTarget;
			buildConfigurationList = 955BA59B236B509D0041D264 /* Build configuration list for PBXNativeTarget "Song Studio" */;
			buildPhases = (
				C63573ED1A9D31FF3A2D9797 /* [CP] Check Pods Manifest.lock */,
				955BA583236B509C0041D264 /* Sources */,
				955BA584236B509C0041D264 /* Frameworks */,
				955BA585236B509C0041D264 /* Resources */,
				FA90C6E3D81854FC8BFD896F /* [CP] Embed Pods Frameworks */,
			);
			buildRules = (
			);
			dependencies = (
			);
			name = "Song Studio";
			productName = "Song Studio";
			productReference = 955BA587236B509C0041D264 /* Song Studio.app */;
			productType = "com.apple.product-type.application";
		};
/* End PBXNativeTarget section */

/* Begin PBXProject section */
		955BA57F236B509B0041D264 /* Project object */ = {
			isa = PBXProject;
			attributes = {
				LastSwiftUpdateCheck = 1110;
				LastUpgradeCheck = 1110;
				ORGANIZATIONNAME = "Prakhar Tripathi";
				TargetAttributes = {
					955BA586236B509C0041D264 = {
						CreatedOnToolsVersion = 11.1;
					};
				};
			};
			buildConfigurationList = 955BA582236B509B0041D264 /* Build configuration list for PBXProject "Song Studio" */;
			compatibilityVersion = "Xcode 9.3";
			developmentRegion = en;
			hasScannedForEncodings = 0;
			knownRegions = (
				en,
				Base,
			);
			mainGroup = 955BA57E236B509B0041D264;
			productRefGroup = 955BA588236B509C0041D264 /* Products */;
			projectDirPath = "";
			projectRoot = "";
			targets = (
				955BA586236B509C0041D264 /* Song Studio */,
			);
		};
/* End PBXProject section */

/* Begin PBXResourcesBuildPhase section */
		955BA585236B509C0041D264 /* Resources */ = {
			isa = PBXResourcesBuildPhase;
			buildActionMask = 2147483647;
			files = (
				956F2ED9236B96E7004DCE2C /* wallpaper.jpg in Resources */,
				955BA594236B509D0041D264 /* Assets.xcassets in Resources */,
				955BA592236B509C0041D264 /* Main.storyboard in Resources */,
			);
			runOnlyForDeploymentPostprocessing = 0;
		};
/* End PBXResourcesBuildPhase section */

/* Begin PBXShellScriptBuildPhase section */
		C63573ED1A9D31FF3A2D9797 /* [CP] Check Pods Manifest.lock */ = {
			isa = PBXShellScriptBuildPhase;
			buildActionMask = 2147483647;
			files = (
			);
			inputFileListPaths = (
			);
			inputPaths = (
				"${PODS_PODFILE_DIR_PATH}/Podfile.lock",
				"${PODS_ROOT}/Manifest.lock",
			);
			name = "[CP] Check Pods Manifest.lock";
			outputFileListPaths = (
			);
			outputPaths = (
				"$(DERIVED_FILE_DIR)/Pods-Song Studio-checkManifestLockResult.txt",
			);
			runOnlyForDeploymentPostprocessing = 0;
			shellPath = /bin/sh;
			shellScript = "diff \"${PODS_PODFILE_DIR_PATH}/Podfile.lock\" \"${PODS_ROOT}/Manifest.lock\" > /dev/null\nif [ $? != 0 ] ; then\n    # print error to STDERR\n    echo \"error: The sandbox is not in sync with the Podfile.lock. Run 'pod install' or update your CocoaPods installation.\" >&2\n    exit 1\nfi\n# This output is used by Xcode 'outputs' to avoid re-running this script phase.\necho \"SUCCESS\" > \"${SCRIPT_OUTPUT_FILE_0}\"\n";
			showEnvVarsInLog = 0;
		};
		FA90C6E3D81854FC8BFD896F /* [CP] Embed Pods Frameworks */ = {
			isa = PBXShellScriptBuildPhase;
			buildActionMask = 2147483647;
			files = (
			);
			inputFileListPaths = (
				"${PODS_ROOT}/Target Support Files/Pods-Song Studio/Pods-Song Studio-frameworks-${CONFIGURATION}-input-files.xcfilelist",
			);
			name = "[CP] Embed Pods Frameworks";
			outputFileListPaths = (
				"${PODS_ROOT}/Target Support Files/Pods-Song Studio/Pods-Song Studio-frameworks-${CONFIGURATION}-output-files.xcfilelist",
			);
			runOnlyForDeploymentPostprocessing = 0;
			shellPath = /bin/sh;
			shellScript = "\"${PODS_ROOT}/Target Support Files/Pods-Song Studio/Pods-Song Studio-frameworks.sh\"\n";
			showEnvVarsInLog = 0;
		};
/* End PBXShellScriptBuildPhase section */

/* Begin PBXSourcesBuildPhase section */
		955BA583236B509C0041D264 /* Sources */ = {
			isa = PBXSourcesBuildPhase;
			buildActionMask = 2147483647;
			files = (
				95330F28236B55EB00E1501C /* HTTPStatusCodes+Extensions.swift in Sources */,
				95330F22236B53DE00E1501C /* APIManager.swift in Sources */,
				955BA58F236B509C0041D264 /* HomeViewController.swift in Sources */,
				956F2ED7236B95E6004DCE2C /* AboutMeTableViewCell.swift in Sources */,
				95330F26236B55E600E1501C /* HTTPStatusCodes.swift in Sources */,
				95330F2B236B563A00E1501C /* ReachabilityManager.swift in Sources */,
				95602647236B5D2D00E28300 /* SongListTableViewCell.swift in Sources */,
				955BA58B236B509C0041D264 /* AppDelegate.swift in Sources */,
				956F2ED1236B82B3004DCE2C /* AVPlayer.swift in Sources */,
				956F2ED5236B9308004DCE2C /* AboutMeViewController.swift in Sources */,
				9560264C236B618700E28300 /* MusicPlayerViewController.swift in Sources */,
				9560264E236B63C400E28300 /* LaunchScreenViewController.swift in Sources */,
				956F2EDE236B9E63004DCE2C /* String.swift in Sources */,
				956F2ED3236B87EA004DCE2C /* UIVIewController.swift in Sources */,
				9560264A236B5D8C00E28300 /* Song.swift in Sources */,
			);
			runOnlyForDeploymentPostprocessing = 0;
		};
/* End PBXSourcesBuildPhase section */

/* Begin PBXVariantGroup section */
		955BA590236B509C0041D264 /* Main.storyboard */ = {
			isa = PBXVariantGroup;
			children = (
				955BA591236B509C0041D264 /* Base */,
			);
			name = Main.storyboard;
			sourceTree = "<group>";
		};
/* End PBXVariantGroup section */

/* Begin XCBuildConfiguration section */
		955BA599236B509D0041D264 /* Debug */ = {
			isa = XCBuildConfiguration;
			buildSettings = {
				ALWAYS_SEARCH_USER_PATHS = NO;
				CLANG_ANALYZER_NONNULL = YES;
				CLANG_ANALYZER_NUMBER_OBJECT_CONVERSION = YES_AGGRESSIVE;
				CLANG_CXX_LANGUAGE_STANDARD = "gnu++14";
				CLANG_CXX_LIBRARY = "libc++";
				CLANG_ENABLE_MODULES = YES;
				CLANG_ENABLE_OBJC_ARC = YES;
				CLANG_ENABLE_OBJC_WEAK = YES;
				CLANG_WARN_BLOCK_CAPTURE_AUTORELEASING = YES;
				CLANG_WARN_BOOL_CONVERSION = YES;
				CLANG_WARN_COMMA = YES;
				CLANG_WARN_CONSTANT_CONVERSION = YES;
				CLANG_WARN_DEPRECATED_OBJC_IMPLEMENTATIONS = YES;
				CLANG_WARN_DIRECT_OBJC_ISA_USAGE = YES_ERROR;
				CLANG_WARN_DOCUMENTATION_COMMENTS = YES;
				CLANG_WARN_EMPTY_BODY = YES;
				CLANG_WARN_ENUM_CONVERSION = YES;
				CLANG_WARN_INFINITE_RECURSION = YES;
				CLANG_WARN_INT_CONVERSION = YES;
				CLANG_WARN_NON_LITERAL_NULL_CONVERSION = YES;
				CLANG_WARN_OBJC_IMPLICIT_RETAIN_SELF = YES;
				CLANG_WARN_OBJC_LITERAL_CONVERSION = YES;
				CLANG_WARN_OBJC_ROOT_CLASS = YES_ERROR;
				CLANG_WARN_RANGE_LOOP_ANALYSIS = YES;
				CLANG_WARN_STRICT_PROTOTYPES = YES;
				CLANG_WARN_SUSPICIOUS_MOVE = YES;
				CLANG_WARN_UNGUARDED_AVAILABILITY = YES_AGGRESSIVE;
				CLANG_WARN_UNREACHABLE_CODE = YES;
				CLANG_WARN__DUPLICATE_METHOD_MATCH = YES;
				COPY_PHASE_STRIP = NO;
				DEBUG_INFORMATION_FORMAT = dwarf;
				ENABLE_STRICT_OBJC_MSGSEND = YES;
				ENABLE_TESTABILITY = YES;
				GCC_C_LANGUAGE_STANDARD = gnu11;
				GCC_DYNAMIC_NO_PIC = NO;
				GCC_NO_COMMON_BLOCKS = YES;
				GCC_OPTIMIZATION_LEVEL = 0;
				GCC_PREPROCESSOR_DEFINITIONS = (
					"DEBUG=1",
					"$(inherited)",
				);
				GCC_WARN_64_TO_32_BIT_CONVERSION = YES;
				GCC_WARN_ABOUT_RETURN_TYPE = YES_ERROR;
				GCC_WARN_UNDECLARED_SELECTOR = YES;
				GCC_WARN_UNINITIALIZED_AUTOS = YES_AGGRESSIVE;
				GCC_WARN_UNUSED_FUNCTION = YES;
				GCC_WARN_UNUSED_VARIABLE = YES;
				IPHONEOS_DEPLOYMENT_TARGET = 13.1;
				MTL_ENABLE_DEBUG_INFO = INCLUDE_SOURCE;
				MTL_FAST_MATH = YES;
				ONLY_ACTIVE_ARCH = YES;
				SDKROOT = iphoneos;
				SWIFT_ACTIVE_COMPILATION_CONDITIONS = DEBUG;
				SWIFT_OPTIMIZATION_LEVEL = "-Onone";
			};
			name = Debug;
		};
		955BA59A236B509D0041D264 /* Release */ = {
			isa = XCBuildConfiguration;
			buildSettings = {
				ALWAYS_SEARCH_USER_PATHS = NO;
				CLANG_ANALYZER_NONNULL = YES;
				CLANG_ANALYZER_NUMBER_OBJECT_CONVERSION = YES_AGGRESSIVE;
				CLANG_CXX_LANGUAGE_STANDARD = "gnu++14";
				CLANG_CXX_LIBRARY = "libc++";
				CLANG_ENABLE_MODULES = YES;
				CLANG_ENABLE_OBJC_ARC = YES;
				CLANG_ENABLE_OBJC_WEAK = YES;
				CLANG_WARN_BLOCK_CAPTURE_AUTORELEASING = YES;
				CLANG_WARN_BOOL_CONVERSION = YES;
				CLANG_WARN_COMMA = YES;
				CLANG_WARN_CONSTANT_CONVERSION = YES;
				CLANG_WARN_DEPRECATED_OBJC_IMPLEMENTATIONS = YES;
				CLANG_WARN_DIRECT_OBJC_ISA_USAGE = YES_ERROR;
				CLANG_WARN_DOCUMENTATION_COMMENTS = YES;
				CLANG_WARN_EMPTY_BODY = YES;
				CLANG_WARN_ENUM_CONVERSION = YES;
				CLANG_WARN_INFINITE_RECURSION = YES;
				CLANG_WARN_INT_CONVERSION = YES;
				CLANG_WARN_NON_LITERAL_NULL_CONVERSION = YES;
				CLANG_WARN_OBJC_IMPLICIT_RETAIN_SELF = YES;
				CLANG_WARN_OBJC_LITERAL_CONVERSION = YES;
				CLANG_WARN_OBJC_ROOT_CLASS = YES_ERROR;
				CLANG_WARN_RANGE_LOOP_ANALYSIS = YES;
				CLANG_WARN_STRICT_PROTOTYPES = YES;
				CLANG_WARN_SUSPICIOUS_MOVE = YES;
				CLANG_WARN_UNGUARDED_AVAILABILITY = YES_AGGRESSIVE;
				CLANG_WARN_UNREACHABLE_CODE = YES;
				CLANG_WARN__DUPLICATE_METHOD_MATCH = YES;
				COPY_PHASE_STRIP = NO;
				DEBUG_INFORMATION_FORMAT = "dwarf-with-dsym";
				ENABLE_NS_ASSERTIONS = NO;
				ENABLE_STRICT_OBJC_MSGSEND = YES;
				GCC_C_LANGUAGE_STANDARD = gnu11;
				GCC_NO_COMMON_BLOCKS = YES;
				GCC_WARN_64_TO_32_BIT_CONVERSION = YES;
				GCC_WARN_ABOUT_RETURN_TYPE = YES_ERROR;
				GCC_WARN_UNDECLARED_SELECTOR = YES;
				GCC_WARN_UNINITIALIZED_AUTOS = YES_AGGRESSIVE;
				GCC_WARN_UNUSED_FUNCTION = YES;
				GCC_WARN_UNUSED_VARIABLE = YES;
				IPHONEOS_DEPLOYMENT_TARGET = 13.1;
				MTL_ENABLE_DEBUG_INFO = NO;
				MTL_FAST_MATH = YES;
				SDKROOT = iphoneos;
				SWIFT_COMPILATION_MODE = wholemodule;
				SWIFT_OPTIMIZATION_LEVEL = "-O";
				VALIDATE_PRODUCT = YES;
			};
			name = Release;
		};
		955BA59C236B509D0041D264 /* Debug */ = {
			isa = XCBuildConfiguration;
			baseConfigurationReference = 818745E97943D0D9955B02F6 /* Pods-Song Studio.debug.xcconfig */;
			buildSettings = {
				ASSETCATALOG_COMPILER_APPICON_NAME = AppIcon;
				CODE_SIGN_STYLE = Manual;
				DEVELOPMENT_TEAM = "";
				INFOPLIST_FILE = "Song Studio/Info.plist";
				IPHONEOS_DEPLOYMENT_TARGET = 10.0;
				LD_RUNPATH_SEARCH_PATHS = (
					"$(inherited)",
					"@executable_path/Frameworks",
				);
				PRODUCT_BUNDLE_IDENTIFIER = "com.prakhar.Song-Studio";
				PRODUCT_NAME = "$(TARGET_NAME)";
				PROVISIONING_PROFILE_SPECIFIER = "";
				SWIFT_VERSION = 5.0;
				TARGETED_DEVICE_FAMILY = 1;
			};
			name = Debug;
		};
		955BA59D236B509D0041D264 /* Release */ = {
			isa = XCBuildConfiguration;
			baseConfigurationReference = BB0C26174843F72DF952315A /* Pods-Song Studio.release.xcconfig */;
			buildSettings = {
				ASSETCATALOG_COMPILER_APPICON_NAME = AppIcon;
				CODE_SIGN_STYLE = Manual;
				DEVELOPMENT_TEAM = "";
				INFOPLIST_FILE = "Song Studio/Info.plist";
				IPHONEOS_DEPLOYMENT_TARGET = 10.0;
				LD_RUNPATH_SEARCH_PATHS = (
					"$(inherited)",
					"@executable_path/Frameworks",
				);
				PRODUCT_BUNDLE_IDENTIFIER = "com.prakhar.Song-Studio";
				PRODUCT_NAME = "$(TARGET_NAME)";
				PROVISIONING_PROFILE_SPECIFIER = "";
				SWIFT_VERSION = 5.0;
				TARGETED_DEVICE_FAMILY = 1;
			};
			name = Release;
		};
/* End XCBuildConfiguration section */

/* Begin XCConfigurationList section */
		955BA582236B509B0041D264 /* Build configuration list for PBXProject "Song Studio" */ = {
			isa = XCConfigurationList;
			buildConfigurations = (
				955BA599236B509D0041D264 /* Debug */,
				955BA59A236B509D0041D264 /* Release */,
			);
			defaultConfigurationIsVisible = 0;
			defaultConfigurationName = Release;
		};
		955BA59B236B509D0041D264 /* Build configuration list for PBXNativeTarget "Song Studio" */ = {
			isa = XCConfigurationList;
			buildConfigurations = (
				955BA59C236B509D0041D264 /* Debug */,
				955BA59D236B509D0041D264 /* Release */,
			);
			defaultConfigurationIsVisible = 0;
			defaultConfigurationName = Release;
		};
/* End XCConfigurationList section */
	};
	rootObject = 955BA57F236B509B0041D264 /* Project object */;
}
